{
  "version": 4,
  "terraform_version": "1.1.2",
  "serial": 21,
  "lineage": "e8af8db1-23ed-e87e-5dd6-ee27ab5c8754",
  "outputs": {
    "latest_image": {
      "value": "ami-091d068dec0ce5059",
      "type": "string"
    },
    "web-server-1": {
      "value": "54.235.235.255",
      "type": "string"
    },
    "web-server-2": {
      "value": "34.228.198.196",
      "type": "string"
    }
  },
  "resources": [
    {
      "mode": "data",
      "type": "aws_ami",
      "name": "latest_ami_windows",
      "provider": "provider[\"registry.terraform.io/hashicorp/aws\"]",
      "instances": [
        {
          "schema_version": 0,
          "attributes": {
            "architecture": "x86_64",
            "arn": "arn:aws:ec2:us-east-1::image/ami-091d068dec0ce5059",
            "block_device_mappings": [
              {
                "device_name": "/dev/sda1",
                "ebs": {
                  "delete_on_termination": "true",
                  "encrypted": "false",
                  "iops": "0",
                  "snapshot_id": "snap-0905cf32eb34cf53a",
                  "throughput": "0",
                  "volume_size": "50",
                  "volume_type": "gp2"
                },
                "no_device": "",
                "virtual_name": ""
              },
              {
                "device_name": "xvdca",
                "ebs": {},
                "no_device": "",
                "virtual_name": "ephemeral0"
              },
              {
                "device_name": "xvdcb",
                "ebs": {},
                "no_device": "",
                "virtual_name": "ephemeral1"
              },
              {
                "device_name": "xvdcc",
                "ebs": {},
                "no_device": "",
                "virtual_name": "ephemeral2"
              },
              {
                "device_name": "xvdcd",
                "ebs": {},
                "no_device": "",
                "virtual_name": "ephemeral3"
              },
              {
                "device_name": "xvdce",
                "ebs": {},
                "no_device": "",
                "virtual_name": "ephemeral4"
              },
              {
                "device_name": "xvdcf",
                "ebs": {},
                "no_device": "",
                "virtual_name": "ephemeral5"
              },
              {
                "device_name": "xvdcg",
                "ebs": {},
                "no_device": "",
                "virtual_name": "ephemeral6"
              },
              {
                "device_name": "xvdch",
                "ebs": {},
                "no_device": "",
                "virtual_name": "ephemeral7"
              },
              {
                "device_name": "xvdci",
                "ebs": {},
                "no_device": "",
                "virtual_name": "ephemeral8"
              },
              {
                "device_name": "xvdcj",
                "ebs": {},
                "no_device": "",
                "virtual_name": "ephemeral9"
              },
              {
                "device_name": "xvdck",
                "ebs": {},
                "no_device": "",
                "virtual_name": "ephemeral10"
              },
              {
                "device_name": "xvdcl",
                "ebs": {},
                "no_device": "",
                "virtual_name": "ephemeral11"
              },
              {
                "device_name": "xvdcm",
                "ebs": {},
                "no_device": "",
                "virtual_name": "ephemeral12"
              },
              {
                "device_name": "xvdcn",
                "ebs": {},
                "no_device": "",
                "virtual_name": "ephemeral13"
              },
              {
                "device_name": "xvdco",
                "ebs": {},
                "no_device": "",
                "virtual_name": "ephemeral14"
              },
              {
                "device_name": "xvdcp",
                "ebs": {},
                "no_device": "",
                "virtual_name": "ephemeral15"
              },
              {
                "device_name": "xvdcq",
                "ebs": {},
                "no_device": "",
                "virtual_name": "ephemeral16"
              },
              {
                "device_name": "xvdcr",
                "ebs": {},
                "no_device": "",
                "virtual_name": "ephemeral17"
              },
              {
                "device_name": "xvdcs",
                "ebs": {},
                "no_device": "",
                "virtual_name": "ephemeral18"
              },
              {
                "device_name": "xvdct",
                "ebs": {},
                "no_device": "",
                "virtual_name": "ephemeral19"
              },
              {
                "device_name": "xvdcu",
                "ebs": {},
                "no_device": "",
                "virtual_name": "ephemeral20"
              },
              {
                "device_name": "xvdcv",
                "ebs": {},
                "no_device": "",
                "virtual_name": "ephemeral21"
              },
              {
                "device_name": "xvdcw",
                "ebs": {},
                "no_device": "",
                "virtual_name": "ephemeral22"
              },
              {
                "device_name": "xvdcx",
                "ebs": {},
                "no_device": "",
                "virtual_name": "ephemeral23"
              },
              {
                "device_name": "xvdcy",
                "ebs": {},
                "no_device": "",
                "virtual_name": "ephemeral24"
              },
              {
                "device_name": "xvdcz",
                "ebs": {},
                "no_device": "",
                "virtual_name": "ephemeral25"
              }
            ],
            "boot_mode": "",
            "creation_date": "2022-02-24T03:08:48.000Z",
            "description": "Microsoft Windows Server 2019 Core optimized for EKS and provided by Amazon",
            "ena_support": true,
            "executable_users": null,
            "filter": [
              {
                "name": "name",
                "values": [
                  "Windows_Server-2019*"
                ]
              },
              {
                "name": "root-device-type",
                "values": [
                  "ebs"
                ]
              },
              {
                "name": "virtualization-type",
                "values": [
                  "hvm"
                ]
              }
            ],
            "hypervisor": "xen",
            "id": "ami-091d068dec0ce5059",
            "image_id": "ami-091d068dec0ce5059",
            "image_location": "amazon/Windows_Server-2019-English-Full-EKS_Optimized-1.20-2022.02.23",
            "image_owner_alias": "amazon",
            "image_type": "machine",
            "kernel_id": null,
            "most_recent": true,
            "name": "Windows_Server-2019-English-Full-EKS_Optimized-1.20-2022.02.23",
            "name_regex": null,
            "owner_id": "801119661308",
            "owners": [
              "amazon"
            ],
            "platform": "windows",
            "platform_details": "Windows",
            "product_codes": [],
            "public": true,
            "ramdisk_id": null,
            "root_device_name": "/dev/sda1",
            "root_device_type": "ebs",
            "root_snapshot_id": "snap-0905cf32eb34cf53a",
            "sriov_net_support": "simple",
            "state": "available",
            "state_reason": {
              "code": "UNSET",
              "message": "UNSET"
            },
            "tags": {},
            "usage_operation": "RunInstances:0002",
            "virtualization_type": "hvm"
          },
          "sensitive_attributes": []
        }
      ]
    },
    {
      "mode": "managed",
      "type": "aws_instance",
      "name": "web-server-1",
      "provider": "provider[\"registry.terraform.io/hashicorp/aws\"]",
      "instances": [
        {
          "schema_version": 1,
          "attributes": {
            "ami": "ami-087c17d1fe0178315",
            "arn": "arn:aws:ec2:us-east-1:630841328033:instance/i-0a93f2b59ceff32eb",
            "associate_public_ip_address": true,
            "availability_zone": "us-east-1a",
            "capacity_reservation_specification": [
              {
                "capacity_reservation_preference": "open",
                "capacity_reservation_target": []
              }
            ],
            "cpu_core_count": 1,
            "cpu_threads_per_core": 1,
            "credit_specification": [
              {
                "cpu_credits": "standard"
              }
            ],
            "disable_api_termination": false,
            "ebs_block_device": [],
            "ebs_optimized": false,
            "enclave_options": [
              {
                "enabled": false
              }
            ],
            "ephemeral_block_device": [],
            "get_password_data": false,
            "hibernation": false,
            "host_id": null,
            "iam_instance_profile": "",
            "id": "i-0a93f2b59ceff32eb",
            "instance_initiated_shutdown_behavior": "stop",
            "instance_state": "running",
            "instance_type": "t2.micro",
            "ipv6_address_count": 0,
            "ipv6_addresses": [],
            "key_name": "tests",
            "launch_template": [],
            "metadata_options": [
              {
                "http_endpoint": "enabled",
                "http_put_response_hop_limit": 1,
                "http_tokens": "optional",
                "instance_metadata_tags": "disabled"
              }
            ],
            "monitoring": false,
            "network_interface": [],
            "outpost_arn": "",
            "password_data": "",
            "placement_group": "",
            "placement_partition_number": null,
            "primary_network_interface_id": "eni-0709c7874c39c23ae",
            "private_dns": "ip-10-0-1-52.ec2.internal",
            "private_ip": "10.0.1.52",
            "public_dns": "",
            "public_ip": "54.235.235.255",
            "root_block_device": [
              {
                "delete_on_termination": true,
                "device_name": "/dev/xvda",
                "encrypted": false,
                "iops": 100,
                "kms_key_id": "",
                "tags": {},
                "throughput": 0,
                "volume_id": "vol-0e5c38ec82784b182",
                "volume_size": 8,
                "volume_type": "gp2"
              }
            ],
            "secondary_private_ips": [],
            "security_groups": [],
            "source_dest_check": true,
            "subnet_id": "subnet-0e8dc6cb6617763c0",
            "tags": {
              "Name": "web_server_1"
            },
            "tags_all": {
              "Name": "web_server_1"
            },
            "tenancy": "default",
            "timeouts": null,
            "user_data": "80b291fddf669ae69cb32748050c3868ddef86cc",
            "user_data_base64": null,
            "volume_tags": null,
            "vpc_security_group_ids": [
              "sg-0e9a7774cb57dc057"
            ]
          },
          "sensitive_attributes": [],
          "private": "eyJlMmJmYjczMC1lY2FhLTExZTYtOGY4OC0zNDM2M2JjN2M0YzAiOnsiY3JlYXRlIjo2MDAwMDAwMDAwMDAsImRlbGV0ZSI6MTIwMDAwMDAwMDAwMCwidXBkYXRlIjo2MDAwMDAwMDAwMDB9LCJzY2hlbWFfdmVyc2lvbiI6IjEifQ==",
          "dependencies": [
            "aws_security_group.webserver_sg",
            "aws_subnet.public-subnet-1",
            "aws_vpc.vpc_capstone"
          ]
        }
      ]
    },
    {
      "mode": "managed",
      "type": "aws_instance",
      "name": "web-server-2",
      "provider": "provider[\"registry.terraform.io/hashicorp/aws\"]",
      "instances": [
        {
          "schema_version": 1,
          "attributes": {
            "ami": "ami-087c17d1fe0178315",
            "arn": "arn:aws:ec2:us-east-1:630841328033:instance/i-0da0723c37cfed6fb",
            "associate_public_ip_address": true,
            "availability_zone": "us-east-1b",
            "capacity_reservation_specification": [
              {
                "capacity_reservation_preference": "open",
                "capacity_reservation_target": []
              }
            ],
            "cpu_core_count": 1,
            "cpu_threads_per_core": 1,
            "credit_specification": [
              {
                "cpu_credits": "standard"
              }
            ],
            "disable_api_termination": false,
            "ebs_block_device": [],
            "ebs_optimized": false,
            "enclave_options": [
              {
                "enabled": false
              }
            ],
            "ephemeral_block_device": [],
            "get_password_data": false,
            "hibernation": false,
            "host_id": null,
            "iam_instance_profile": "",
            "id": "i-0da0723c37cfed6fb",
            "instance_initiated_shutdown_behavior": "stop",
            "instance_state": "running",
            "instance_type": "t2.micro",
            "ipv6_address_count": 0,
            "ipv6_addresses": [],
            "key_name": "tests",
            "launch_template": [],
            "metadata_options": [
              {
                "http_endpoint": "enabled",
                "http_put_response_hop_limit": 1,
                "http_tokens": "optional",
                "instance_metadata_tags": "disabled"
              }
            ],
            "monitoring": false,
            "network_interface": [],
            "outpost_arn": "",
            "password_data": "",
            "placement_group": "",
            "placement_partition_number": null,
            "primary_network_interface_id": "eni-0ff4cbc1e8586e5dd",
            "private_dns": "ip-10-0-2-124.ec2.internal",
            "private_ip": "10.0.2.124",
            "public_dns": "",
            "public_ip": "34.228.198.196",
            "root_block_device": [
              {
                "delete_on_termination": true,
                "device_name": "/dev/xvda",
                "encrypted": false,
                "iops": 100,
                "kms_key_id": "",
                "tags": {},
                "throughput": 0,
                "volume_id": "vol-0041df4fbb3070ff0",
                "volume_size": 8,
                "volume_type": "gp2"
              }
            ],
            "secondary_private_ips": [],
            "security_groups": [],
            "source_dest_check": true,
            "subnet_id": "subnet-0747329e2586461ad",
            "tags": {
              "Name": "web_server_2"
            },
            "tags_all": {
              "Name": "web_server_2"
            },
            "tenancy": "default",
            "timeouts": null,
            "user_data": "80b291fddf669ae69cb32748050c3868ddef86cc",
            "user_data_base64": null,
            "volume_tags": null,
            "vpc_security_group_ids": [
              "sg-0e9a7774cb57dc057"
            ]
          },
          "sensitive_attributes": [],
          "private": "eyJlMmJmYjczMC1lY2FhLTExZTYtOGY4OC0zNDM2M2JjN2M0YzAiOnsiY3JlYXRlIjo2MDAwMDAwMDAwMDAsImRlbGV0ZSI6MTIwMDAwMDAwMDAwMCwidXBkYXRlIjo2MDAwMDAwMDAwMDB9LCJzY2hlbWFfdmVyc2lvbiI6IjEifQ==",
          "dependencies": [
            "aws_subnet.public-subnet-2",
            "aws_vpc.vpc_capstone",
            "aws_security_group.webserver_sg"
          ]
        }
      ]
    },
    {
      "mode": "managed",
      "type": "aws_internet_gateway",
      "name": "capstone_gateway",
      "provider": "provider[\"registry.terraform.io/hashicorp/aws\"]",
      "instances": [
        {
          "schema_version": 0,
          "attributes": {
            "arn": "arn:aws:ec2:us-east-1:630841328033:internet-gateway/igw-06cb731c7caeffeac",
            "id": "igw-06cb731c7caeffeac",
            "owner_id": "630841328033",
            "tags": {},
            "tags_all": {},
            "vpc_id": "vpc-00f268286d2721944"
          },
          "sensitive_attributes": [],
          "private": "bnVsbA==",
          "dependencies": [
            "aws_vpc.vpc_capstone"
          ]
        }
      ]
    },
    {
      "mode": "managed",
      "type": "aws_route_table",
      "name": "private_rt_tble",
      "provider": "provider[\"registry.terraform.io/hashicorp/aws\"]",
      "instances": [
        {
          "schema_version": 0,
          "attributes": {
            "arn": "arn:aws:ec2:us-east-1:630841328033:route-table/rtb-0dd8decdbeeb8fa43",
            "id": "rtb-0dd8decdbeeb8fa43",
            "owner_id": "630841328033",
            "propagating_vgws": [],
            "route": [],
            "tags": {
              "Name": "private_route_table"
            },
            "tags_all": {
              "Name": "private_route_table"
            },
            "timeouts": null,
            "vpc_id": "vpc-00f268286d2721944"
          },
          "sensitive_attributes": [],
          "private": "eyJlMmJmYjczMC1lY2FhLTExZTYtOGY4OC0zNDM2M2JjN2M0YzAiOnsiY3JlYXRlIjozMDAwMDAwMDAwMDAsImRlbGV0ZSI6MzAwMDAwMDAwMDAwLCJ1cGRhdGUiOjEyMDAwMDAwMDAwMH19",
          "dependencies": [
            "aws_vpc.vpc_capstone"
          ]
        }
      ]
    },
    {
      "mode": "managed",
      "type": "aws_route_table",
      "name": "public_rt_tble",
      "provider": "provider[\"registry.terraform.io/hashicorp/aws\"]",
      "instances": [
        {
          "schema_version": 0,
          "attributes": {
            "arn": "arn:aws:ec2:us-east-1:630841328033:route-table/rtb-0a3b1dd31bbe5f5c5",
            "id": "rtb-0a3b1dd31bbe5f5c5",
            "owner_id": "630841328033",
            "propagating_vgws": [],
            "route": [
              {
                "carrier_gateway_id": "",
                "cidr_block": "0.0.0.0/0",
                "destination_prefix_list_id": "",
                "egress_only_gateway_id": "",
                "gateway_id": "igw-06cb731c7caeffeac",
                "instance_id": "",
                "ipv6_cidr_block": "",
                "local_gateway_id": "",
                "nat_gateway_id": "",
                "network_interface_id": "",
                "transit_gateway_id": "",
                "vpc_endpoint_id": "",
                "vpc_peering_connection_id": ""
              }
            ],
            "tags": {
              "Name": "public_route_table"
            },
            "tags_all": {
              "Name": "public_route_table"
            },
            "timeouts": null,
            "vpc_id": "vpc-00f268286d2721944"
          },
          "sensitive_attributes": [],
          "private": "eyJlMmJmYjczMC1lY2FhLTExZTYtOGY4OC0zNDM2M2JjN2M0YzAiOnsiY3JlYXRlIjozMDAwMDAwMDAwMDAsImRlbGV0ZSI6MzAwMDAwMDAwMDAwLCJ1cGRhdGUiOjEyMDAwMDAwMDAwMH19",
          "dependencies": [
            "aws_internet_gateway.capstone_gateway",
            "aws_vpc.vpc_capstone"
          ]
        }
      ]
    },
    {
      "mode": "managed",
      "type": "aws_route_table_association",
      "name": "priv_rt1",
      "provider": "provider[\"registry.terraform.io/hashicorp/aws\"]",
      "instances": [
        {
          "schema_version": 0,
          "attributes": {
            "gateway_id": "",
            "id": "rtbassoc-0ab9ed6a2eca8b369",
            "route_table_id": "rtb-0dd8decdbeeb8fa43",
            "subnet_id": "subnet-0413ffa1f0ceff5e9"
          },
          "sensitive_attributes": [],
          "private": "bnVsbA==",
          "dependencies": [
            "aws_vpc.vpc_capstone",
            "aws_route_table.private_rt_tble",
            "aws_subnet.application-subnet-1"
          ]
        }
      ]
    },
    {
      "mode": "managed",
      "type": "aws_route_table_association",
      "name": "priv_rt2",
      "provider": "provider[\"registry.terraform.io/hashicorp/aws\"]",
      "instances": [
        {
          "schema_version": 0,
          "attributes": {
            "gateway_id": "",
            "id": "rtbassoc-08fc84976e9f2f7f5",
            "route_table_id": "rtb-0dd8decdbeeb8fa43",
            "subnet_id": "subnet-098adbaf5dd3cd9b2"
          },
          "sensitive_attributes": [],
          "private": "bnVsbA==",
          "dependencies": [
            "aws_route_table.private_rt_tble",
            "aws_subnet.application-subnet-2",
            "aws_vpc.vpc_capstone"
          ]
        }
      ]
    },
    {
      "mode": "managed",
      "type": "aws_route_table_association",
      "name": "priv_rt3",
      "provider": "provider[\"registry.terraform.io/hashicorp/aws\"]",
      "instances": [
        {
          "schema_version": 0,
          "attributes": {
            "gateway_id": "",
            "id": "rtbassoc-0220fc4d1b4779a3f",
            "route_table_id": "rtb-0dd8decdbeeb8fa43",
            "subnet_id": "subnet-07693f934cd0f931c"
          },
          "sensitive_attributes": [],
          "private": "bnVsbA==",
          "dependencies": [
            "aws_route_table.private_rt_tble",
            "aws_subnet.database-subnet-1",
            "aws_vpc.vpc_capstone"
          ]
        }
      ]
    },
    {
      "mode": "managed",
      "type": "aws_route_table_association",
      "name": "priv_rt4",
      "provider": "provider[\"registry.terraform.io/hashicorp/aws\"]",
      "instances": [
        {
          "schema_version": 0,
          "attributes": {
            "gateway_id": "",
            "id": "rtbassoc-0934c9388609d9d56",
            "route_table_id": "rtb-0dd8decdbeeb8fa43",
            "subnet_id": "subnet-077829f7ee3d9ce98"
          },
          "sensitive_attributes": [],
          "private": "bnVsbA==",
          "dependencies": [
            "aws_route_table.private_rt_tble",
            "aws_subnet.database-subnet-2",
            "aws_vpc.vpc_capstone"
          ]
        }
      ]
    },
    {
      "mode": "managed",
      "type": "aws_route_table_association",
      "name": "pub_rt1",
      "provider": "provider[\"registry.terraform.io/hashicorp/aws\"]",
      "instances": [
        {
          "schema_version": 0,
          "attributes": {
            "gateway_id": "",
            "id": "rtbassoc-01c882e45f04ecc3f",
            "route_table_id": "rtb-0a3b1dd31bbe5f5c5",
            "subnet_id": "subnet-0e8dc6cb6617763c0"
          },
          "sensitive_attributes": [],
          "private": "bnVsbA==",
          "dependencies": [
            "aws_route_table.public_rt_tble",
            "aws_subnet.public-subnet-1",
            "aws_vpc.vpc_capstone",
            "aws_internet_gateway.capstone_gateway"
          ]
        }
      ]
    },
    {
      "mode": "managed",
      "type": "aws_route_table_association",
      "name": "pub_rt2",
      "provider": "provider[\"registry.terraform.io/hashicorp/aws\"]",
      "instances": [
        {
          "schema_version": 0,
          "attributes": {
            "gateway_id": "",
            "id": "rtbassoc-03ab7a1de06029064",
            "route_table_id": "rtb-0a3b1dd31bbe5f5c5",
            "subnet_id": "subnet-0747329e2586461ad"
          },
          "sensitive_attributes": [],
          "private": "bnVsbA==",
          "dependencies": [
            "aws_internet_gateway.capstone_gateway",
            "aws_route_table.public_rt_tble",
            "aws_subnet.public-subnet-2",
            "aws_vpc.vpc_capstone"
          ]
        }
      ]
    },
    {
      "mode": "managed",
      "type": "aws_security_group",
      "name": "webserver_sg",
      "provider": "provider[\"registry.terraform.io/hashicorp/aws\"]",
      "instances": [
        {
          "schema_version": 1,
          "attributes": {
            "arn": "arn:aws:ec2:us-east-1:630841328033:security-group/sg-0e9a7774cb57dc057",
            "description": "Managed by Terraform",
            "egress": [
              {
                "cidr_blocks": [
                  "0.0.0.0/0"
                ],
                "description": "",
                "from_port": 0,
                "ipv6_cidr_blocks": [],
                "prefix_list_ids": [],
                "protocol": "-1",
                "security_groups": [],
                "self": false,
                "to_port": 0
              }
            ],
            "id": "sg-0e9a7774cb57dc057",
            "ingress": [
              {
                "cidr_blocks": [
                  "0.0.0.0/0"
                ],
                "description": "",
                "from_port": 22,
                "ipv6_cidr_blocks": [],
                "prefix_list_ids": [],
                "protocol": "tcp",
                "security_groups": [],
                "self": false,
                "to_port": 22
              },
              {
                "cidr_blocks": [
                  "0.0.0.0/0"
                ],
                "description": "",
                "from_port": 80,
                "ipv6_cidr_blocks": [],
                "prefix_list_ids": [],
                "protocol": "tcp",
                "security_groups": [],
                "self": false,
                "to_port": 80
              }
            ],
            "name": "terraform-20220303112706872600000001",
            "name_prefix": "terraform-",
            "owner_id": "630841328033",
            "revoke_rules_on_delete": false,
            "tags": {
              "Name": "Web SG"
            },
            "tags_all": {
              "Name": "Web SG"
            },
            "timeouts": null,
            "vpc_id": "vpc-00f268286d2721944"
          },
          "sensitive_attributes": [],
          "private": "eyJlMmJmYjczMC1lY2FhLTExZTYtOGY4OC0zNDM2M2JjN2M0YzAiOnsiY3JlYXRlIjo2MDAwMDAwMDAwMDAsImRlbGV0ZSI6OTAwMDAwMDAwMDAwfSwic2NoZW1hX3ZlcnNpb24iOiIxIn0=",
          "dependencies": [
            "aws_vpc.vpc_capstone"
          ]
        }
      ]
    },
    {
      "mode": "managed",
      "type": "aws_subnet",
      "name": "application-subnet-1",
      "provider": "provider[\"registry.terraform.io/hashicorp/aws\"]",
      "instances": [
        {
          "schema_version": 1,
          "attributes": {
            "arn": "arn:aws:ec2:us-east-1:630841328033:subnet/subnet-0413ffa1f0ceff5e9",
            "assign_ipv6_address_on_creation": false,
            "availability_zone": "us-east-1a",
            "availability_zone_id": "use1-az2",
            "cidr_block": "10.0.3.0/24",
            "customer_owned_ipv4_pool": "",
            "enable_dns64": false,
            "enable_resource_name_dns_a_record_on_launch": false,
            "enable_resource_name_dns_aaaa_record_on_launch": false,
            "id": "subnet-0413ffa1f0ceff5e9",
            "ipv6_cidr_block": "",
            "ipv6_cidr_block_association_id": "",
            "ipv6_native": false,
            "map_customer_owned_ip_on_launch": false,
            "map_public_ip_on_launch": false,
            "outpost_arn": "",
            "owner_id": "630841328033",
            "private_dns_hostname_type_on_launch": "ip-name",
            "tags": {
              "Name": "app_subnet_1"
            },
            "tags_all": {
              "Name": "app_subnet_1"
            },
            "timeouts": null,
            "vpc_id": "vpc-00f268286d2721944"
          },
          "sensitive_attributes": [],
          "private": "eyJlMmJmYjczMC1lY2FhLTExZTYtOGY4OC0zNDM2M2JjN2M0YzAiOnsiY3JlYXRlIjo2MDAwMDAwMDAwMDAsImRlbGV0ZSI6MTIwMDAwMDAwMDAwMH0sInNjaGVtYV92ZXJzaW9uIjoiMSJ9",
          "dependencies": [
            "aws_vpc.vpc_capstone"
          ]
        }
      ]
    },
    {
      "mode": "managed",
      "type": "aws_subnet",
      "name": "application-subnet-2",
      "provider": "provider[\"registry.terraform.io/hashicorp/aws\"]",
      "instances": [
        {
          "schema_version": 1,
          "attributes": {
            "arn": "arn:aws:ec2:us-east-1:630841328033:subnet/subnet-098adbaf5dd3cd9b2",
            "assign_ipv6_address_on_creation": false,
            "availability_zone": "us-east-1b",
            "availability_zone_id": "use1-az4",
            "cidr_block": "10.0.4.0/24",
            "customer_owned_ipv4_pool": "",
            "enable_dns64": false,
            "enable_resource_name_dns_a_record_on_launch": false,
            "enable_resource_name_dns_aaaa_record_on_launch": false,
            "id": "subnet-098adbaf5dd3cd9b2",
            "ipv6_cidr_block": "",
            "ipv6_cidr_block_association_id": "",
            "ipv6_native": false,
            "map_customer_owned_ip_on_launch": false,
            "map_public_ip_on_launch": false,
            "outpost_arn": "",
            "owner_id": "630841328033",
            "private_dns_hostname_type_on_launch": "ip-name",
            "tags": {
              "Name": "app_subnet_2"
            },
            "tags_all": {
              "Name": "app_subnet_2"
            },
            "timeouts": null,
            "vpc_id": "vpc-00f268286d2721944"
          },
          "sensitive_attributes": [],
          "private": "eyJlMmJmYjczMC1lY2FhLTExZTYtOGY4OC0zNDM2M2JjN2M0YzAiOnsiY3JlYXRlIjo2MDAwMDAwMDAwMDAsImRlbGV0ZSI6MTIwMDAwMDAwMDAwMH0sInNjaGVtYV92ZXJzaW9uIjoiMSJ9",
          "dependencies": [
            "aws_vpc.vpc_capstone"
          ]
        }
      ]
    },
    {
      "mode": "managed",
      "type": "aws_subnet",
      "name": "database-subnet-1",
      "provider": "provider[\"registry.terraform.io/hashicorp/aws\"]",
      "instances": [
        {
          "schema_version": 1,
          "attributes": {
            "arn": "arn:aws:ec2:us-east-1:630841328033:subnet/subnet-07693f934cd0f931c",
            "assign_ipv6_address_on_creation": false,
            "availability_zone": "us-east-1a",
            "availability_zone_id": "use1-az2",
            "cidr_block": "10.0.5.0/24",
            "customer_owned_ipv4_pool": "",
            "enable_dns64": false,
            "enable_resource_name_dns_a_record_on_launch": false,
            "enable_resource_name_dns_aaaa_record_on_launch": false,
            "id": "subnet-07693f934cd0f931c",
            "ipv6_cidr_block": "",
            "ipv6_cidr_block_association_id": "",
            "ipv6_native": false,
            "map_customer_owned_ip_on_launch": false,
            "map_public_ip_on_launch": false,
            "outpost_arn": "",
            "owner_id": "630841328033",
            "private_dns_hostname_type_on_launch": "ip-name",
            "tags": {
              "Name": "db_subnet_1"
            },
            "tags_all": {
              "Name": "db_subnet_1"
            },
            "timeouts": null,
            "vpc_id": "vpc-00f268286d2721944"
          },
          "sensitive_attributes": [],
          "private": "eyJlMmJmYjczMC1lY2FhLTExZTYtOGY4OC0zNDM2M2JjN2M0YzAiOnsiY3JlYXRlIjo2MDAwMDAwMDAwMDAsImRlbGV0ZSI6MTIwMDAwMDAwMDAwMH0sInNjaGVtYV92ZXJzaW9uIjoiMSJ9",
          "dependencies": [
            "aws_vpc.vpc_capstone"
          ]
        }
      ]
    },
    {
      "mode": "managed",
      "type": "aws_subnet",
      "name": "database-subnet-2",
      "provider": "provider[\"registry.terraform.io/hashicorp/aws\"]",
      "instances": [
        {
          "schema_version": 1,
          "attributes": {
            "arn": "arn:aws:ec2:us-east-1:630841328033:subnet/subnet-077829f7ee3d9ce98",
            "assign_ipv6_address_on_creation": false,
            "availability_zone": "us-east-1b",
            "availability_zone_id": "use1-az4",
            "cidr_block": "10.0.6.0/24",
            "customer_owned_ipv4_pool": "",
            "enable_dns64": false,
            "enable_resource_name_dns_a_record_on_launch": false,
            "enable_resource_name_dns_aaaa_record_on_launch": false,
            "id": "subnet-077829f7ee3d9ce98",
            "ipv6_cidr_block": "",
            "ipv6_cidr_block_association_id": "",
            "ipv6_native": false,
            "map_customer_owned_ip_on_launch": false,
            "map_public_ip_on_launch": false,
            "outpost_arn": "",
            "owner_id": "630841328033",
            "private_dns_hostname_type_on_launch": "ip-name",
            "tags": {
              "Name": "db_subnet_2"
            },
            "tags_all": {
              "Name": "db_subnet_2"
            },
            "timeouts": null,
            "vpc_id": "vpc-00f268286d2721944"
          },
          "sensitive_attributes": [],
          "private": "eyJlMmJmYjczMC1lY2FhLTExZTYtOGY4OC0zNDM2M2JjN2M0YzAiOnsiY3JlYXRlIjo2MDAwMDAwMDAwMDAsImRlbGV0ZSI6MTIwMDAwMDAwMDAwMH0sInNjaGVtYV92ZXJzaW9uIjoiMSJ9",
          "dependencies": [
            "aws_vpc.vpc_capstone"
          ]
        }
      ]
    },
    {
      "mode": "managed",
      "type": "aws_subnet",
      "name": "public-subnet-1",
      "provider": "provider[\"registry.terraform.io/hashicorp/aws\"]",
      "instances": [
        {
          "schema_version": 1,
          "attributes": {
            "arn": "arn:aws:ec2:us-east-1:630841328033:subnet/subnet-0e8dc6cb6617763c0",
            "assign_ipv6_address_on_creation": false,
            "availability_zone": "us-east-1a",
            "availability_zone_id": "use1-az2",
            "cidr_block": "10.0.1.0/24",
            "customer_owned_ipv4_pool": "",
            "enable_dns64": false,
            "enable_resource_name_dns_a_record_on_launch": false,
            "enable_resource_name_dns_aaaa_record_on_launch": false,
            "id": "subnet-0e8dc6cb6617763c0",
            "ipv6_cidr_block": "",
            "ipv6_cidr_block_association_id": "",
            "ipv6_native": false,
            "map_customer_owned_ip_on_launch": false,
            "map_public_ip_on_launch": true,
            "outpost_arn": "",
            "owner_id": "630841328033",
            "private_dns_hostname_type_on_launch": "ip-name",
            "tags": {
              "Name": "public_subnet_1"
            },
            "tags_all": {
              "Name": "public_subnet_1"
            },
            "timeouts": null,
            "vpc_id": "vpc-00f268286d2721944"
          },
          "sensitive_attributes": [],
          "private": "eyJlMmJmYjczMC1lY2FhLTExZTYtOGY4OC0zNDM2M2JjN2M0YzAiOnsiY3JlYXRlIjo2MDAwMDAwMDAwMDAsImRlbGV0ZSI6MTIwMDAwMDAwMDAwMH0sInNjaGVtYV92ZXJzaW9uIjoiMSJ9",
          "dependencies": [
            "aws_vpc.vpc_capstone"
          ]
        }
      ]
    },
    {
      "mode": "managed",
      "type": "aws_subnet",
      "name": "public-subnet-2",
      "provider": "provider[\"registry.terraform.io/hashicorp/aws\"]",
      "instances": [
        {
          "schema_version": 1,
          "attributes": {
            "arn": "arn:aws:ec2:us-east-1:630841328033:subnet/subnet-0747329e2586461ad",
            "assign_ipv6_address_on_creation": false,
            "availability_zone": "us-east-1b",
            "availability_zone_id": "use1-az4",
            "cidr_block": "10.0.2.0/24",
            "customer_owned_ipv4_pool": "",
            "enable_dns64": false,
            "enable_resource_name_dns_a_record_on_launch": false,
            "enable_resource_name_dns_aaaa_record_on_launch": false,
            "id": "subnet-0747329e2586461ad",
            "ipv6_cidr_block": "",
            "ipv6_cidr_block_association_id": "",
            "ipv6_native": false,
            "map_customer_owned_ip_on_launch": false,
            "map_public_ip_on_launch": true,
            "outpost_arn": "",
            "owner_id": "630841328033",
            "private_dns_hostname_type_on_launch": "ip-name",
            "tags": {
              "Name": "public_subnet_2"
            },
            "tags_all": {
              "Name": "public_subnet_2"
            },
            "timeouts": null,
            "vpc_id": "vpc-00f268286d2721944"
          },
          "sensitive_attributes": [],
          "private": "eyJlMmJmYjczMC1lY2FhLTExZTYtOGY4OC0zNDM2M2JjN2M0YzAiOnsiY3JlYXRlIjo2MDAwMDAwMDAwMDAsImRlbGV0ZSI6MTIwMDAwMDAwMDAwMH0sInNjaGVtYV92ZXJzaW9uIjoiMSJ9",
          "dependencies": [
            "aws_vpc.vpc_capstone"
          ]
        }
      ]
    },
    {
      "mode": "managed",
      "type": "aws_vpc",
      "name": "vpc_capstone",
      "provider": "provider[\"registry.terraform.io/hashicorp/aws\"]",
      "instances": [
        {
          "schema_version": 1,
          "attributes": {
            "arn": "arn:aws:ec2:us-east-1:630841328033:vpc/vpc-00f268286d2721944",
            "assign_generated_ipv6_cidr_block": false,
            "cidr_block": "10.0.0.0/16",
            "default_network_acl_id": "acl-0923c6bb963ac67ab",
            "default_route_table_id": "rtb-0c339e740ce957896",
            "default_security_group_id": "sg-0a75df5f8733cf8e5",
            "dhcp_options_id": "dopt-87e7c0fe",
            "enable_classiclink": false,
            "enable_classiclink_dns_support": false,
            "enable_dns_hostnames": false,
            "enable_dns_support": true,
            "id": "vpc-00f268286d2721944",
            "instance_tenancy": "default",
            "ipv4_ipam_pool_id": null,
            "ipv4_netmask_length": null,
            "ipv6_association_id": "",
            "ipv6_cidr_block": "",
            "ipv6_cidr_block_network_border_group": "",
            "ipv6_ipam_pool_id": "",
            "ipv6_netmask_length": 0,
            "main_route_table_id": "rtb-0c339e740ce957896",
            "owner_id": "630841328033",
            "tags": {
              "Name": "capstone_VPC"
            },
            "tags_all": {
              "Name": "capstone_VPC"
            }
          },
          "sensitive_attributes": [],
          "private": "eyJzY2hlbWFfdmVyc2lvbiI6IjEifQ=="
        }
      ]
    }
  ]
}
